
Microsoft Visual Studio Solution File, Format Version 12.00
# Visual Studio 14
VisualStudioVersion = 14.0.25420.1
MinimumVisualStudioVersion = 10.0.40219.1
Project("{FAE04EC0-301F-11D3-BF4B-00C04F79EFBC}") = "WebApplication1", "WebApplication1\WebApplication1.csproj", "{F855B8F5-19E5-48E4-8240-B1DE57650EE5}"
EndProject
Project("{FAE04EC0-301F-11D3-BF4B-00C04F79EFBC}") = "ServiceLayer", "ServiceLayer\ServiceLayer.csproj", "{03D746F9-364F-4D5C-B6A5-FAEC7FD09A8D}"
EndProject
Global
	GlobalSection(SolutionConfigurationPlatforms) = preSolution
		Debug|Any CPU = Debug|Any CPU
		Release|Any CPU = Release|Any CPU
	EndGlobalSection
	GlobalSection(ProjectConfigurationPlatforms) = postSolution
		{F855B8F5-19E5-48E4-8240-B1DE57650EE5}.Debug|Any CPU.ActiveCfg = Debug|Any CPU
		{F855B8F5-19E5-48E4-8240-B1DE57650EE5}.Debug|Any CPU.Build.0 = Debug|Any CPU
		{F855B8F5-19E5-48E4-8240-B1DE57650EE5}.Release|Any CPU.ActiveCfg = Release|Any CPU
		{F855B8F5-19E5-48E4-8240-B1DE57650EE5}.Release|Any CPU.Build.0 = Release|Any CPU
		{03D746F9-364F-4D5C-B6A5-FAEC7FD09A8D}.Debug|Any CPU.ActiveCfg = Debug|Any CPU
		{03D746F9-364F-4D5C-B6A5-FAEC7FD09A8D}.Debug|Any CPU.Build.0 = Debug|Any CPU
		{03D746F9-364F-4D5C-B6A5-FAEC7FD09A8D}.Release|Any CPU.ActiveCfg = Release|Any CPU
		{03D746F9-364F-4D5C-B6A5-FAEC7FD09A8D}.Release|Any CPU.Build.0 = Release|Any CPU
	EndGlobalSection
	GlobalSection(SolutionProperties) = preSolution
		HideSolutionNode = FALSE
	EndGlobalSection
EndGlobal
